
Microsoft Visual Studio Solution File, Format Version 12.00
# Visual Studio 2012
Project("{D954291E-2A0B-460D-934E-DC6B0785DB48}") = "Meteor", "Meteor\Meteor.shproj", "{72619079-D508-421E-878E-428B809DEFDD}"
EndProject
Project("{FAE04EC0-301F-11D3-BF4B-00C04F79EFBC}") = "Meteor.iOS", "iOS\Meteor.iOS.csproj", "{148920A5-0149-432C-98DF-B5FC927BF5EB}"
EndProject
Project("{FAE04EC0-301F-11D3-BF4B-00C04F79EFBC}") = "Meteor.Droid", "Droid\Meteor.Droid.csproj", "{F9D71AB0-A2E9-401B-A59D-357F41F17E23}"
EndProject
Global
	GlobalSection(SolutionConfigurationPlatforms) = preSolution
		Debug|iPhoneSimulator = Debug|iPhoneSimulator
		Release|iPhone = Release|iPhone
		Release|iPhoneSimulator = Release|iPhoneSimulator
		Debug|iPhone = Debug|iPhone
		Debug|Any CPU = Debug|Any CPU
		Release|Any CPU = Release|Any CPU
	EndGlobalSection
	GlobalSection(ProjectConfigurationPlatforms) = postSolution
		{148920A5-0149-432C-98DF-B5FC927BF5EB}.Debug|iPhoneSimulator.ActiveCfg = Debug|iPhoneSimulator
		{148920A5-0149-432C-98DF-B5FC927BF5EB}.Debug|iPhoneSimulator.Build.0 = Debug|iPhoneSimulator
		{148920A5-0149-432C-98DF-B5FC927BF5EB}.Release|iPhone.ActiveCfg = Release|iPhone
		{148920A5-0149-432C-98DF-B5FC927BF5EB}.Release|iPhone.Build.0 = Release|iPhone
		{148920A5-0149-432C-98DF-B5FC927BF5EB}.Release|iPhoneSimulator.ActiveCfg = Release|iPhoneSimulator
		{148920A5-0149-432C-98DF-B5FC927BF5EB}.Release|iPhoneSimulator.Build.0 = Release|iPhoneSimulator
		{148920A5-0149-432C-98DF-B5FC927BF5EB}.Debug|iPhone.ActiveCfg = Debug|iPhone
		{148920A5-0149-432C-98DF-B5FC927BF5EB}.Debug|iPhone.Build.0 = Debug|iPhone
		{148920A5-0149-432C-98DF-B5FC927BF5EB}.Debug|Any CPU.ActiveCfg = Debug|iPhoneSimulator
		{148920A5-0149-432C-98DF-B5FC927BF5EB}.Debug|Any CPU.Build.0 = Debug|iPhoneSimulator
		{148920A5-0149-432C-98DF-B5FC927BF5EB}.Release|Any CPU.ActiveCfg = Release|iPhone
		{148920A5-0149-432C-98DF-B5FC927BF5EB}.Release|Any CPU.Build.0 = Release|iPhone
		{F9D71AB0-A2E9-401B-A59D-357F41F17E23}.Debug|iPhoneSimulator.ActiveCfg = Debug|Any CPU
		{F9D71AB0-A2E9-401B-A59D-357F41F17E23}.Debug|iPhoneSimulator.Build.0 = Debug|Any CPU
		{F9D71AB0-A2E9-401B-A59D-357F41F17E23}.Release|iPhone.ActiveCfg = Release|Any CPU
		{F9D71AB0-A2E9-401B-A59D-357F41F17E23}.Release|iPhone.Build.0 = Release|Any CPU
		{F9D71AB0-A2E9-401B-A59D-357F41F17E23}.Release|iPhoneSimulator.ActiveCfg = Release|Any CPU
		{F9D71AB0-A2E9-401B-A59D-357F41F17E23}.Release|iPhoneSimulator.Build.0 = Release|Any CPU
		{F9D71AB0-A2E9-401B-A59D-357F41F17E23}.Debug|iPhone.ActiveCfg = Debug|Any CPU
		{F9D71AB0-A2E9-401B-A59D-357F41F17E23}.Debug|iPhone.Build.0 = Debug|Any CPU
		{F9D71AB0-A2E9-401B-A59D-357F41F17E23}.Debug|Any CPU.ActiveCfg = Debug|Any CPU
		{F9D71AB0-A2E9-401B-A59D-357F41F17E23}.Debug|Any CPU.Build.0 = Debug|Any CPU
		{F9D71AB0-A2E9-401B-A59D-357F41F17E23}.Release|Any CPU.ActiveCfg = Release|Any CPU
		{F9D71AB0-A2E9-401B-A59D-357F41F17E23}.Release|Any CPU.Build.0 = Release|Any CPU
	EndGlobalSection
EndGlobal
